
Microsoft Visual Studio Solution File, Format Version 12.00
# Visual Studio Version 17
VisualStudioVersion = 17.10.34707.107
MinimumVisualStudioVersion = 10.0.40219.1
Project("{9A19103F-16F7-4668-BE54-9A1E7A4F7556}") = "SolBot", "SolBot\SolBot.csproj", "{9DD44F7C-0AE7-4F7C-AC50-0541DF27045A}"
EndProject
Global
	GlobalSection(SolutionConfigurationPlatforms) = preSolution
		Debug|Any CPU = Debug|Any CPU
		Release|Any CPU = Release|Any CPU
	EndGlobalSection
	GlobalSection(ProjectConfigurationPlatforms) = postSolution
		{9DD44F7C-0AE7-4F7C-AC50-0541DF27045A}.Debug|Any CPU.ActiveCfg = Debug|Any CPU
		{9DD44F7C-0AE7-4F7C-AC50-0541DF27045A}.Debug|Any CPU.Build.0 = Debug|Any CPU
		{9DD44F7C-0AE7-4F7C-AC50-0541DF27045A}.Release|Any CPU.ActiveCfg = Release|Any CPU
		{9DD44F7C-0AE7-4F7C-AC50-0541DF27045A}.Release|Any CPU.Build.0 = Release|Any CPU
	EndGlobalSection
	GlobalSection(SolutionProperties) = preSolution
		HideSolutionNode = FALSE
	EndGlobalSection
	GlobalSection(ExtensibilityGlobals) = postSolution
		SolutionGuid = {BBA76D95-62EF-4EB8-A712-3183F2953EF0}
	EndGlobalSection
EndGlobal
